
Microsoft Visual Studio Solution File, Format Version 12.00
# Visual Studio Version 16
VisualStudioVersion = 16.0.30804.86
MinimumVisualStudioVersion = 10.0.40219.1
Project("{FAE04EC0-301F-11D3-BF4B-00C04F79EFBC}") = "Equations", "Equations\Equations.csproj", "{8D468BB9-E286-4EF9-89C5-5A9EB2F03A92}"
EndProject
Project("{FAE04EC0-301F-11D3-BF4B-00C04F79EFBC}") = "Solver", "Solver\Solver.csproj", "{C089F65E-CBF9-42AA-8BA7-1B3DB4097975}"
EndProject
Project("{FAE04EC0-301F-11D3-BF4B-00C04F79EFBC}") = "Solver.Tests", "Solver.Tests\Solver.Tests.csproj", "{9C9EC7E5-9FB1-491E-881F-9202A56A6804}"
EndProject
Global
	GlobalSection(SolutionConfigurationPlatforms) = preSolution
		Debug|Any CPU = Debug|Any CPU
		Release|Any CPU = Release|Any CPU
	EndGlobalSection
	GlobalSection(ProjectConfigurationPlatforms) = postSolution
		{8D468BB9-E286-4EF9-89C5-5A9EB2F03A92}.Debug|Any CPU.ActiveCfg = Debug|Any CPU
		{8D468BB9-E286-4EF9-89C5-5A9EB2F03A92}.Debug|Any CPU.Build.0 = Debug|Any CPU
		{8D468BB9-E286-4EF9-89C5-5A9EB2F03A92}.Release|Any CPU.ActiveCfg = Release|Any CPU
		{8D468BB9-E286-4EF9-89C5-5A9EB2F03A92}.Release|Any CPU.Build.0 = Release|Any CPU
		{C089F65E-CBF9-42AA-8BA7-1B3DB4097975}.Debug|Any CPU.ActiveCfg = Debug|Any CPU
		{C089F65E-CBF9-42AA-8BA7-1B3DB4097975}.Debug|Any CPU.Build.0 = Debug|Any CPU
		{C089F65E-CBF9-42AA-8BA7-1B3DB4097975}.Release|Any CPU.ActiveCfg = Release|Any CPU
		{C089F65E-CBF9-42AA-8BA7-1B3DB4097975}.Release|Any CPU.Build.0 = Release|Any CPU
		{9C9EC7E5-9FB1-491E-881F-9202A56A6804}.Debug|Any CPU.ActiveCfg = Debug|Any CPU
		{9C9EC7E5-9FB1-491E-881F-9202A56A6804}.Debug|Any CPU.Build.0 = Debug|Any CPU
		{9C9EC7E5-9FB1-491E-881F-9202A56A6804}.Release|Any CPU.ActiveCfg = Release|Any CPU
		{9C9EC7E5-9FB1-491E-881F-9202A56A6804}.Release|Any CPU.Build.0 = Release|Any CPU
	EndGlobalSection
	GlobalSection(SolutionProperties) = preSolution
		HideSolutionNode = FALSE
	EndGlobalSection
	GlobalSection(ExtensibilityGlobals) = postSolution
		SolutionGuid = {E2E9F39C-F082-47D5-A5E2-6B584475D0DB}
	EndGlobalSection
EndGlobal
